{
  "name": "zhzcli-test",
  "version": "1.0.0",
  "lockfileVersion": 1,
  "requires": true,
  "dependencies": {
    "zhzlib-test": {
      "version": "1.0.0",
      "resolved": "https://registry.npmjs.org/zhzlib-test/-/zhzlib-test-1.0.0.tgz",
      "integrity": "sha512-rl0b9RcLQdF5X0mlHxySZ8PnE/l4GToyY3kkiYZgxB0J/fU7j+9Xbn5out8e5tIFq/ifh4wjnnTIicYocfLlIg=="
    }
  }
}
